
Microsoft Visual Studio Solution File, Format Version 12.00
# Visual Studio Version 16
VisualStudioVersion = 16.0.30711.63
MinimumVisualStudioVersion = 10.0.40219.1
Project("{FAE04EC0-301F-11D3-BF4B-00C04F79EFBC}") = "A11_2024", "A11_2024\A11_2024.csproj", "{F49D175F-6309-4771-8975-2FCA115E2207}"
EndProject
Global
	GlobalSection(SolutionConfigurationPlatforms) = preSolution
		Debug|Any CPU = Debug|Any CPU
		Release|Any CPU = Release|Any CPU
	EndGlobalSection
	GlobalSection(ProjectConfigurationPlatforms) = postSolution
		{F49D175F-6309-4771-8975-2FCA115E2207}.Debug|Any CPU.ActiveCfg = Debug|Any CPU
		{F49D175F-6309-4771-8975-2FCA115E2207}.Debug|Any CPU.Build.0 = Debug|Any CPU
		{F49D175F-6309-4771-8975-2FCA115E2207}.Release|Any CPU.ActiveCfg = Release|Any CPU
		{F49D175F-6309-4771-8975-2FCA115E2207}.Release|Any CPU.Build.0 = Release|Any CPU
	EndGlobalSection
	GlobalSection(SolutionProperties) = preSolution
		HideSolutionNode = FALSE
	EndGlobalSection
	GlobalSection(ExtensibilityGlobals) = postSolution
		SolutionGuid = {DB5A3444-3CCA-4E18-B247-2DE9B7C55D4F}
	EndGlobalSection
EndGlobal
